
Microsoft Visual Studio Solution File, Format Version 12.00
# Visual Studio Version 17
VisualStudioVersion = 17.4.33122.133
MinimumVisualStudioVersion = 10.0.40219.1
Project("{FAE04EC0-301F-11D3-BF4B-00C04F79EFBC}") = "Recordatorio de Almuerzo", "Recordatorio de Almuerzo\Recordatorio de Almuerzo.csproj", "{3201FC92-91A2-48DC-B303-15555135460A}"
EndProject
Global
	GlobalSection(SolutionConfigurationPlatforms) = preSolution
		Debug|Any CPU = Debug|Any CPU
		Release|Any CPU = Release|Any CPU
	EndGlobalSection
	GlobalSection(ProjectConfigurationPlatforms) = postSolution
		{3201FC92-91A2-48DC-B303-15555135460A}.Debug|Any CPU.ActiveCfg = Debug|Any CPU
		{3201FC92-91A2-48DC-B303-15555135460A}.Debug|Any CPU.Build.0 = Debug|Any CPU
		{3201FC92-91A2-48DC-B303-15555135460A}.Release|Any CPU.ActiveCfg = Release|Any CPU
		{3201FC92-91A2-48DC-B303-15555135460A}.Release|Any CPU.Build.0 = Release|Any CPU
	EndGlobalSection
	GlobalSection(SolutionProperties) = preSolution
		HideSolutionNode = FALSE
	EndGlobalSection
	GlobalSection(ExtensibilityGlobals) = postSolution
		SolutionGuid = {8A49A278-3C52-4B64-836A-5B7238EB1E34}
	EndGlobalSection
EndGlobal
